// !$*UTF8*$!
{
	archiveVersion = 1;
	classes = {
	};
	objectVersion = 46;
	objects = {

/* Begin PBXBuildFile section */
		3759CD371F824A420016C07E /* AppDelegate.swift in Sources */ = {isa = PBXBuildFile; fileRef = 3759CD361F824A420016C07E /* AppDelegate.swift */; };
		3759CD391F824A420016C07E /* ViewController.swift in Sources */ = {isa = PBXBuildFile; fileRef = 3759CD381F824A420016C07E /* ViewController.swift */; };
		3759CD3C1F824A420016C07E /* Main.storyboard in Resources */ = {isa = PBXBuildFile; fileRef = 3759CD3A1F824A420016C07E /* Main.storyboard */; };
		3759CD3E1F824A420016C07E /* Assets.xcassets in Resources */ = {isa = PBXBuildFile; fileRef = 3759CD3D1F824A420016C07E /* Assets.xcassets */; };
		3759CD411F824A420016C07E /* LaunchScreen.storyboard in Resources */ = {isa = PBXBuildFile; fileRef = 3759CD3F1F824A420016C07E /* LaunchScreen.storyboard */; };
		3759CD4C1F824A420016C07E /* Hello_WorldTests.swift in Sources */ = {isa = PBXBuildFile; fileRef = 3759CD4B1F824A420016C07E /* Hello_WorldTests.swift */; };
		3759CD571F824A420016C07E /* Hello_WorldUITests.swift in Sources */ = {isa = PBXBuildFile; fileRef = 3759CD561F824A420016C07E /* Hello_WorldUITests.swift */; };
/* End PBXBuildFile section */

/* Begin PBXContainerItemProxy section */
		3759CD481F824A420016C07E /* PBXContainerItemProxy */ = {
			isa = PBXContainerItemProxy;
			containerPortal = 3759CD2B1F824A420016C07E /* Project object */;
			proxyType = 1;
			remoteGlobalIDString = 3759CD321F824A420016C07E;
			remoteInfo = "Hello World";
		};
		3759CD531F824A420016C07E /* PBXContainerItemProxy */ = {
			isa = PBXContainerItemProxy;
			containerPortal = 3759CD2B1F824A420016C07E /* Project object */;
			proxyType = 1;
			remoteGlobalIDString = 3759CD321F824A420016C07E;
			remoteInfo = "Hello World";
		};
/* End PBXContainerItemProxy section */

/* Begin PBXFileReference section */
		3759CD331F824A420016C07E /* Hello World.app */ = {isa = PBXFileReference; explicitFileType = wrapper.application; includeInIndex = 0; path = "Hello World.app"; sourceTree = BUILT_PRODUCTS_DIR; };
		3759CD361F824A420016C07E /* AppDelegate.swift */ = {isa = PBXFileReference; lastKnownFileType = sourcecode.swift; path = AppDelegate.swift; sourceTree = "<group>"; };
		3759CD381F824A420016C07E /* ViewController.swift */ = {isa = PBXFileReference; lastKnownFileType = sourcecode.swift; path = ViewController.swift; sourceTree = "<group>"; };
		3759CD3B1F824A420016C07E /* Base */ = {isa = PBXFileReference; lastKnownFileType = file.storyboard; name = Base; path = Base.lproj/Main.storyboard; sourceTree = "<group>"; };
		3759CD3D1F824A420016C07E /* Assets.xcassets */ = {isa = PBXFileReference; lastKnownFileType = folder.assetcatalog; path = Assets.xcassets; sourceTree = "<group>"; };
		3759CD401F824A420016C07E /* Base */ = {isa = PBXFileReference; lastKnownFileType = file.storyboard; name = Base; path = Base.lproj/LaunchScreen.storyboard; sourceTree = "<group>"; };
		3759CD421F824A420016C07E /* Info.plist */ = {isa = PBXFileReference; lastKnownFileType = text.plist.xml; path = Info.plist; sourceTree = "<group>"; };
		3759CD471F824A420016C07E /* Hello WorldTests.xctest */ = {isa = PBXFileReference; explicitFileType = wrapper.cfbundle; includeInIndex = 0; path = "Hello WorldTests.xctest"; sourceTree = BUILT_PRODUCTS_DIR; };
		3759CD4B1F824A420016C07E /* Hello_WorldTests.swift */ = {isa = PBXFileReference; lastKnownFileType = sourcecode.swift; path = Hello_WorldTests.swift; sourceTree = "<group>"; };
		3759CD4D1F824A420016C07E /* Info.plist */ = {isa = PBXFileReference; lastKnownFileType = text.plist.xml; path = Info.plist; sourceTree = "<group>"; };
		3759CD521F824A420016C07E /* Hello WorldUITests.xctest */ = {isa = PBXFileReference; explicitFileType = wrapper.cfbundle; includeInIndex = 0; path = "Hello WorldUITests.xctest"; sourceTree = BUILT_PRODUCTS_DIR; };
		3759CD561F824A420016C07E /* Hello_WorldUITests.swift */ = {isa = PBXFileReference; lastKnownFileType = sourcecode.swift; path = Hello_WorldUITests.swift; sourceTree = "<group>"; };
		3759CD581F824A420016C07E /* Info.plist */ = {isa = PBXFileReference; lastKnownFileType = text.plist.xml; path = Info.plist; sourceTree = "<group>"; };
/* End PBXFileReference section */

/* Begin PBXFrameworksBuildPhase section */
		3759CD301F824A420016C07E /* Frameworks */ = {
			isa = PBXFrameworksBuildPhase;
			buildActionMask = 2147483647;
			files = (
			);
			runOnlyForDeploymentPostprocessing = 0;
		};
		3759CD441F824A420016C07E /* Frameworks */ = {
			isa = PBXFrameworksBuildPhase;
			buildActionMask = 2147483647;
			files = (
			);
			runOnlyForDeploymentPostprocessing = 0;
		};
		3759CD4F1F824A420016C07E /* Frameworks */ = {
			isa = PBXFrameworksBuildPhase;
			buildActionMask = 2147483647;
			files = (
			);
			runOnlyForDeploymentPostprocessing = 0;
		};
/* End PBXFrameworksBuildPhase section */

/* Begin PBXGroup section */
		3759CD2A1F824A420016C07E = {
			isa = PBXGroup;
			children = (
				3759CD351F824A420016C07E /* Hello World */,
				3759CD4A1F824A420016C07E /* Hello WorldTests */,
				3759CD551F824A420016C07E /* Hello WorldUITests */,
				3759CD341F824A420016C07E /* Products */,
			);
			sourceTree = "<group>";
		};
		3759CD341F824A420016C07E /* Products */ = {
			isa = PBXGroup;
			children = (
				3759CD331F824A420016C07E /* Hello World.app */,
				3759CD471F824A420016C07E /* Hello WorldTests.xctest */,
				3759CD521F824A420016C07E /* Hello WorldUITests.xctest */,
			);
			name = Products;
			sourceTree = "<group>";
		};
		3759CD351F824A420016C07E /* Hello World */ = {
			isa = PBXGroup;
			children = (
				3759CD361F824A420016C07E /* AppDelegate.swift */,
				3759CD381F824A420016C07E /* ViewController.swift */,
				3759CD3A1F824A420016C07E /* Main.storyboard */,
				3759CD3D1F824A420016C07E /* Assets.xcassets */,
				3759CD3F1F824A420016C07E /* LaunchScreen.storyboard */,
				3759CD421F824A420016C07E /* Info.plist */,
			);
			path = "Hello World";
			sourceTree = "<group>";
		};
		3759CD4A1F824A420016C07E /* Hello WorldTests */ = {
			isa = PBXGroup;
			children = (
				3759CD4B1F824A420016C07E /* Hello_WorldTests.swift */,
				3759CD4D1F824A420016C07E /* Info.plist */,
			);
			path = "Hello WorldTests";
			sourceTree = "<group>";
		};
		3759CD551F824A420016C07E /* Hello WorldUITests */ = {
			isa = PBXGroup;
			children = (
				3759CD561F824A420016C07E /* Hello_WorldUITests.swift */,
				3759CD581F824A420016C07E /* Info.plist */,
			);
			path = "Hello WorldUITests";
			sourceTree = "<group>";
		};
/* End PBXGroup section */

/* Begin PBXNativeTarget section */
		3759CD321F824A420016C07E /* Hello World */ = {
			isa = PBXNativeTarget;
			buildConfigurationList = 3759CD5B1F824A420016C07E /* Build configuration list for PBXNativeTarget "Hello World" */;
			buildPhases = (
				3759CD2F1F824A420016C07E /* Sources */,
				3759CD301F824A420016C07E /* Frameworks */,
				3759CD311F824A420016C07E /* Resources */,
			);
			buildRules = (
			);
			dependencies = (
			);
			name = "Hello World";
			productName = "Hello World";
			productReference = 3759CD331F824A420016C07E /* Hello World.app */;
			productType = "com.apple.product-type.application";
		};
		3759CD461F824A420016C07E /* Hello WorldTests */ = {
			isa = PBXNativeTarget;
			buildConfigurationList = 3759CD5E1F824A420016C07E /* Build configuration list for PBXNativeTarget "Hello WorldTests" */;
			buildPhases = (
				3759CD431F824A420016C07E /* Sources */,
				3759CD441F824A420016C07E /* Frameworks */,
				3759CD451F824A420016C07E /* Resources */,
			);
			buildRules = (
			);
			dependencies = (
				3759CD491F824A420016C07E /* PBXTargetDependency */,
			);
			name = "Hello WorldTests";
			productName = "Hello WorldTests";
			productReference = 3759CD471F824A420016C07E /* Hello WorldTests.xctest */;
			productType = "com.apple.product-type.bundle.unit-test";
		};
		3759CD511F824A420016C07E /* Hello WorldUITests */ = {
			isa = PBXNativeTarget;
			buildConfigurationList = 3759CD611F824A420016C07E /* Build configuration list for PBXNativeTarget "Hello WorldUITests" */;
			buildPhases = (
				3759CD4E1F824A420016C07E /* Sources */,
				3759CD4F1F824A420016C07E /* Frameworks */,
				3759CD501F824A420016C07E /* Resources */,
			);
			buildRules = (
			);
			dependencies = (
				3759CD541F824A420016C07E /* PBXTargetDependency */,
			);
			name = "Hello WorldUITests";
			productName = "Hello WorldUITests";
			productReference = 3759CD521F824A420016C07E /* Hello WorldUITests.xctest */;
			productType = "com.apple.product-type.bundle.ui-testing";
		};
/* End PBXNativeTarget section */

/* Begin PBXProject section */
		3759CD2B1F824A420016C07E /* Project object */ = {
			isa = PBXProject;
			attributes = {
				LastSwiftUpdateCheck = 0820;
				LastUpgradeCheck = 0820;
				ORGANIZATIONNAME = "Dillon MATHER";
				TargetAttributes = {
					3759CD321F824A420016C07E = {
						CreatedOnToolsVersion = 8.2.1;
						ProvisioningStyle = Automatic;
					};
					3759CD461F824A420016C07E = {
						CreatedOnToolsVersion = 8.2.1;
						ProvisioningStyle = Automatic;
						TestTargetID = 3759CD321F824A420016C07E;
					};
					3759CD511F824A420016C07E = {
						CreatedOnToolsVersion = 8.2.1;
						ProvisioningStyle = Automatic;
						TestTargetID = 3759CD321F824A420016C07E;
					};
				};
			};
			buildConfigurationList = 3759CD2E1F824A420016C07E /* Build configuration list for PBXProject "Hello World" */;
			compatibilityVersion = "Xcode 3.2";
			developmentRegion = English;
			hasScannedForEncodings = 0;
			knownRegions = (
				en,
				Base,
			);
			mainGroup = 3759CD2A1F824A420016C07E;
			productRefGroup = 3759CD341F824A420016C07E /* Products */;
			projectDirPath = "";
			projectRoot = "";
			targets = (
				3759CD321F824A420016C07E /* Hello World */,
				3759CD461F824A420016C07E /* Hello WorldTests */,
				3759CD511F824A420016C07E /* Hello WorldUITests */,
			);
		};
/* End PBXProject section */

/* Begin PBXResourcesBuildPhase section */
		3759CD311F824A420016C07E /* Resources */ = {
			isa = PBXResourcesBuildPhase;
			buildActionMask = 2147483647;
			files = (
				3759CD411F824A420016C07E /* LaunchScreen.storyboard in Resources */,
				3759CD3E1F824A420016C07E /* Assets.xcassets in Resources */,
				3759CD3C1F824A420016C07E /* Main.storyboard in Resources */,
			);
			runOnlyForDeploymentPostprocessing = 0;
		};
		3759CD451F824A420016C07E /* Resources */ = {
			isa = PBXResourcesBuildPhase;
			buildActionMask = 2147483647;
			files = (
			);
			runOnlyForDeploymentPostprocessing = 0;
		};
		3759CD501F824A420016C07E /* Resources */ = {
			isa = PBXResourcesBuildPhase;
			buildActionMask = 2147483647;
			files = (
			);
			runOnlyForDeploymentPostprocessing = 0;
		};
/* End PBXResourcesBuildPhase section */

/* Begin PBXSourcesBuildPhase section */
		3759CD2F1F824A420016C07E /* Sources */ = {
			isa = PBXSourcesBuildPhase;
			buildActionMask = 2147483647;
			files = (
				3759CD391F824A420016C07E /* ViewController.swift in Sources */,
				3759CD371F824A420016C07E /* AppDelegate.swift in Sources */,
			);
			runOnlyForDeploymentPostprocessing = 0;
		};
		3759CD431F824A420016C07E /* Sources */ = {
			isa = PBXSourcesBuildPhase;
			buildActionMask = 2147483647;
			files = (
				3759CD4C1F824A420016C07E /* Hello_WorldTests.swift in Sources */,
			);
			runOnlyForDeploymentPostprocessing = 0;
		};
		3759CD4E1F824A420016C07E /* Sources */ = {
			isa = PBXSourcesBuildPhase;
			buildActionMask = 2147483647;
			files = (
				3759CD571F824A420016C07E /* Hello_WorldUITests.swift in Sources */,
			);
			runOnlyForDeploymentPostprocessing = 0;
		};
/* End PBXSourcesBuildPhase section */

/* Begin PBXTargetDependency section */
		3759CD491F824A420016C07E /* PBXTargetDependency */ = {
			isa = PBXTargetDependency;
			target = 3759CD321F824A420016C07E /* Hello World */;
			targetProxy = 3759CD481F824A420016C07E /* PBXContainerItemProxy */;
		};
		3759CD541F824A420016C07E /* PBXTargetDependency */ = {
			isa = PBXTargetDependency;
			target = 3759CD321F824A420016C07E /* Hello World */;
			targetProxy = 3759CD531F824A420016C07E /* PBXContainerItemProxy */;
		};
/* End PBXTargetDependency section */

/* Begin PBXVariantGroup section */
		3759CD3A1F824A420016C07E /* Main.storyboard */ = {
			isa = PBXVariantGroup;
			children = (
				3759CD3B1F824A420016C07E /* Base */,
			);
			name = Main.storyboard;
			sourceTree = "<group>";
		};
		3759CD3F1F824A420016C07E /* LaunchScreen.storyboard */ = {
			isa = PBXVariantGroup;
			children = (
				3759CD401F824A420016C07E /* Base */,
			);
			name = LaunchScreen.storyboard;
			sourceTree = "<group>";
		};
/* End PBXVariantGroup section */

/* Begin XCBuildConfiguration section */
		3759CD591F824A420016C07E /* Debug */ = {
			isa = XCBuildConfiguration;
			buildSettings = {
				ALWAYS_SEARCH_USER_PATHS = NO;
				CLANG_ANALYZER_NONNULL = YES;
				CLANG_CXX_LANGUAGE_STANDARD = "gnu++0x";
				CLANG_CXX_LIBRARY = "libc++";
				CLANG_ENABLE_MODULES = YES;
				CLANG_ENABLE_OBJC_ARC = YES;
				CLANG_WARN_BOOL_CONVERSION = YES;
				CLANG_WARN_CONSTANT_CONVERSION = YES;
				CLANG_WARN_DIRECT_OBJC_ISA_USAGE = YES_ERROR;
				CLANG_WARN_DOCUMENTATION_COMMENTS = YES;
				CLANG_WARN_EMPTY_BODY = YES;
				CLANG_WARN_ENUM_CONVERSION = YES;
				CLANG_WARN_INFINITE_RECURSION = YES;
				CLANG_WARN_INT_CONVERSION = YES;
				CLANG_WARN_OBJC_ROOT_CLASS = YES_ERROR;
				CLANG_WARN_SUSPICIOUS_MOVE = YES;
				CLANG_WARN_UNREACHABLE_CODE = YES;
				CLANG_WARN__DUPLICATE_METHOD_MATCH = YES;
				"CODE_SIGN_IDENTITY[sdk=iphoneos*]" = "iPhone Developer";
				COPY_PHASE_STRIP = NO;
				DEBUG_INFORMATION_FORMAT = dwarf;
				ENABLE_STRICT_OBJC_MSGSEND = YES;
				ENABLE_TESTABILITY = YES;
				GCC_C_LANGUAGE_STANDARD = gnu99;
				GCC_DYNAMIC_NO_PIC = NO;
				GCC_NO_COMMON_BLOCKS = YES;
				GCC_OPTIMIZATION_LEVEL = 0;
				GCC_PREPROCESSOR_DEFINITIONS = (
					"DEBUG=1",
					"$(inherited)",
				);
				GCC_WARN_64_TO_32_BIT_CONVERSION = YES;
				GCC_WARN_ABOUT_RETURN_TYPE = YES_ERROR;
				GCC_WARN_UNDECLARED_SELECTOR = YES;
				GCC_WARN_UNINITIALIZED_AUTOS = YES_AGGRESSIVE;
				GCC_WARN_UNUSED_FUNCTION = YES;
				GCC_WARN_UNUSED_VARIABLE = YES;
				IPHONEOS_DEPLOYMENT_TARGET = 10.2;
				MTL_ENABLE_DEBUG_INFO = YES;
				ONLY_ACTIVE_ARCH = YES;
				SDKROOT = iphoneos;
				SWIFT_ACTIVE_COMPILATION_CONDITIONS = DEBUG;
				SWIFT_OPTIMIZATION_LEVEL = "-Onone";
				TARGETED_DEVICE_FAMILY = "1,2";
			};
			name = Debug;
		};
		3759CD5A1F824A420016C07E /* Release */ = {
			isa = XCBuildConfiguration;
			buildSettings = {
				ALWAYS_SEARCH_USER_PATHS = NO;
				CLANG_ANALYZER_NONNULL = YES;
				CLANG_CXX_LANGUAGE_STANDARD = "gnu++0x";
				CLANG_CXX_LIBRARY = "libc++";
				CLANG_ENABLE_MODULES = YES;
				CLANG_ENABLE_OBJC_ARC = YES;
				CLANG_WARN_BOOL_CONVERSION = YES;
				CLANG_WARN_CONSTANT_CONVERSION = YES;
				CLANG_WARN_DIRECT_OBJC_ISA_USAGE = YES_ERROR;
				CLANG_WARN_DOCUMENTATION_COMMENTS = YES;
				CLANG_WARN_EMPTY_BODY = YES;
				CLANG_WARN_ENUM_CONVERSION = YES;
				CLANG_WARN_INFINITE_RECURSION = YES;
				CLANG_WARN_INT_CONVERSION = YES;
				CLANG_WARN_OBJC_ROOT_CLASS = YES_ERROR;
				CLANG_WARN_SUSPICIOUS_MOVE = YES;
				CLANG_WARN_UNREACHABLE_CODE = YES;
				CLANG_WARN__DUPLICATE_METHOD_MATCH = YES;
				"CODE_SIGN_IDENTITY[sdk=iphoneos*]" = "iPhone Developer";
				COPY_PHASE_STRIP = NO;
				DEBUG_INFORMATION_FORMAT = "dwarf-with-dsym";
				ENABLE_NS_ASSERTIONS = NO;
				ENABLE_STRICT_OBJC_MSGSEND = YES;
				GCC_C_LANGUAGE_STANDARD = gnu99;
				GCC_NO_COMMON_BLOCKS = YES;
				GCC_WARN_64_TO_32_BIT_CONVERSION = YES;
				GCC_WARN_ABOUT_RETURN_TYPE = YES_ERROR;
				GCC_WARN_UNDECLARED_SELECTOR = YES;
				GCC_WARN_UNINITIALIZED_AUTOS = YES_AGGRESSIVE;
				GCC_WARN_UNUSED_FUNCTION = YES;
				GCC_WARN_UNUSED_VARIABLE = YES;
				IPHONEOS_DEPLOYMENT_TARGET = 10.2;
				MTL_ENABLE_DEBUG_INFO = NO;
				SDKROOT = iphoneos;
				SWIFT_OPTIMIZATION_LEVEL = "-Owholemodule";
				TARGETED_DEVICE_FAMILY = "1,2";
				VALIDATE_PRODUCT = YES;
			};
			name = Release;
		};
		3759CD5C1F824A420016C07E /* Debug */ = {
			isa = XCBuildConfiguration;
			buildSettings = {
				ASSETCATALOG_COMPILER_APPICON_NAME = AppIcon;
				INFOPLIST_FILE = "Hello World/Info.plist";
				LD_RUNPATH_SEARCH_PATHS = "$(inherited) @executable_path/Frameworks";
				PRODUCT_BUNDLE_IDENTIFIER = "test.Hello-World";
				PRODUCT_NAME = "$(TARGET_NAME)";
				SWIFT_VERSION = 3.0;
			};
			name = Debug;
		};
		3759CD5D1F824A420016C07E /* Release */ = {
			isa = XCBuildConfiguration;
			buildSettings = {
				ASSETCATALOG_COMPILER_APPICON_NAME = AppIcon;
				INFOPLIST_FILE = "Hello World/Info.plist";
				LD_RUNPATH_SEARCH_PATHS = "$(inherited) @executable_path/Frameworks";
				PRODUCT_BUNDLE_IDENTIFIER = "test.Hello-World";
				PRODUCT_NAME = "$(TARGET_NAME)";
				SWIFT_VERSION = 3.0;
			};
			name = Release;
		};
		3759CD5F1F824A420016C07E /* Debug */ = {
			isa = XCBuildConfiguration;
			buildSettings = {
				ALWAYS_EMBED_SWIFT_STANDARD_LIBRARIES = YES;
				BUNDLE_LOADER = "$(TEST_HOST)";
				INFOPLIST_FILE = "Hello WorldTests/Info.plist";
				LD_RUNPATH_SEARCH_PATHS = "$(inherited) @executable_path/Frameworks @loader_path/Frameworks";
				PRODUCT_BUNDLE_IDENTIFIER = "test.Hello-WorldTests";
				PRODUCT_NAME = "$(TARGET_NAME)";
				SWIFT_VERSION = 3.0;
				TEST_HOST = "$(BUILT_PRODUCTS_DIR)/Hello World.app/Hello World";
			};
			name = Debug;
		};
		3759CD601F824A420016C07E /* Release */ = {
			isa = XCBuildConfiguration;
			buildSettings = {
				ALWAYS_EMBED_SWIFT_STANDARD_LIBRARIES = YES;
				BUNDLE_LOADER = "$(TEST_HOST)";
				INFOPLIST_FILE = "Hello WorldTests/Info.plist";
				LD_RUNPATH_SEARCH_PATHS = "$(inherited) @executable_path/Frameworks @loader_path/Frameworks";
				PRODUCT_BUNDLE_IDENTIFIER = "test.Hello-WorldTests";
				PRODUCT_NAME = "$(TARGET_NAME)";
				SWIFT_VERSION = 3.0;
				TEST_HOST = "$(BUILT_PRODUCTS_DIR)/Hello World.app/Hello World";
			};
			name = Release;
		};
		3759CD621F824A420016C07E /* Debug */ = {
			isa = XCBuildConfiguration;
			buildSettings = {
				ALWAYS_EMBED_SWIFT_STANDARD_LIBRARIES = YES;
				INFOPLIST_FILE = "Hello WorldUITests/Info.plist";
				LD_RUNPATH_SEARCH_PATHS = "$(inherited) @executable_path/Frameworks @loader_path/Frameworks";
				PRODUCT_BUNDLE_IDENTIFIER = "test.Hello-WorldUITests";
				PRODUCT_NAME = "$(TARGET_NAME)";
				SWIFT_VERSION = 3.0;
				TEST_TARGET_NAME = "Hello World";
			};
			name = Debug;
		};
		3759CD631F824A420016C07E /* Release */ = {
			isa = XCBuildConfiguration;
			buildSettings = {
				ALWAYS_EMBED_SWIFT_STANDARD_LIBRARIES = YES;
				INFOPLIST_FILE = "Hello WorldUITests/Info.plist";
				LD_RUNPATH_SEARCH_PATHS = "$(inherited) @executable_path/Frameworks @loader_path/Frameworks";
				PRODUCT_BUNDLE_IDENTIFIER = "test.Hello-WorldUITests";
				PRODUCT_NAME = "$(TARGET_NAME)";
				SWIFT_VERSION = 3.0;
				TEST_TARGET_NAME = "Hello World";
			};
			name = Release;
		};
/* End XCBuildConfiguration section */

/* Begin XCConfigurationList section */
		3759CD2E1F824A420016C07E /* Build configuration list for PBXProject "Hello World" */ = {
			isa = XCConfigurationList;
			buildConfigurations = (
				3759CD591F824A420016C07E /* Debug */,
				3759CD5A1F824A420016C07E /* Release */,
			);
			defaultConfigurationIsVisible = 0;
			defaultConfigurationName = Release;
		};
		3759CD5B1F824A420016C07E /* Build configuration list for PBXNativeTarget "Hello World" */ = {
			isa = XCConfigurationList;
			buildConfigurations = (
				3759CD5C1F824A420016C07E /* Debug */,
				3759CD5D1F824A420016C07E /* Release */,
			);
			defaultConfigurationIsVisible = 0;
		};
		3759CD5E1F824A420016C07E /* Build configuration list for PBXNativeTarget "Hello WorldTests" */ = {
			isa = XCConfigurationList;
			buildConfigurations = (
				3759CD5F1F824A420016C07E /* Debug */,
				3759CD601F824A420016C07E /* Release */,
			);
			defaultConfigurationIsVisible = 0;
		};
		3759CD611F824A420016C07E /* Build configuration list for PBXNativeTarget "Hello WorldUITests" */ = {
			isa = XCConfigurationList;
			buildConfigurations = (
				3759CD621F824A420016C07E /* Debug */,
				3759CD631F824A420016C07E /* Release */,
			);
			defaultConfigurationIsVisible = 0;
		};
/* End XCConfigurationList section */
	};
	rootObject = 3759CD2B1F824A420016C07E /* Project object */;
}
